
Microsoft Visual Studio Solution File, Format Version 12.00
# Visual Studio Version 16
VisualStudioVersion = 16.0.30717.126
MinimumVisualStudioVersion = 10.0.40219.1
Project("{FAE04EC0-301F-11D3-BF4B-00C04F79EFBC}") = "PresentationLayerTeams", "PresentationLayerTeams\PresentationLayerTeams.csproj", "{480940D0-D4E7-45D5-8B8B-363FB658C9FE}"
EndProject
Global
	GlobalSection(SolutionConfigurationPlatforms) = preSolution
		Debug|Any CPU = Debug|Any CPU
		Release|Any CPU = Release|Any CPU
	EndGlobalSection
	GlobalSection(ProjectConfigurationPlatforms) = postSolution
		{480940D0-D4E7-45D5-8B8B-363FB658C9FE}.Debug|Any CPU.ActiveCfg = Debug|Any CPU
		{480940D0-D4E7-45D5-8B8B-363FB658C9FE}.Debug|Any CPU.Build.0 = Debug|Any CPU
		{480940D0-D4E7-45D5-8B8B-363FB658C9FE}.Release|Any CPU.ActiveCfg = Release|Any CPU
		{480940D0-D4E7-45D5-8B8B-363FB658C9FE}.Release|Any CPU.Build.0 = Release|Any CPU
	EndGlobalSection
	GlobalSection(SolutionProperties) = preSolution
		HideSolutionNode = FALSE
	EndGlobalSection
	GlobalSection(ExtensibilityGlobals) = postSolution
		SolutionGuid = {1798C7A2-72A9-4005-B827-395668115B80}
	EndGlobalSection
EndGlobal
