
Microsoft Visual Studio Solution File, Format Version 12.00
# Visual Studio Version 16
VisualStudioVersion = 16.0.30717.126
MinimumVisualStudioVersion = 10.0.40219.1
Project("{FAE04EC0-301F-11D3-BF4B-00C04F79EFBC}") = "JelenaPopadic", "JelenaPopadic\JelenaPopadic.csproj", "{E98BEFF1-D5DB-4358-82E6-53440777FF63}"
EndProject
Project("{FAE04EC0-301F-11D3-BF4B-00C04F79EFBC}") = "dataLayer", "dataLayer\dataLayer.csproj", "{43CE03C3-4F62-483C-8E4F-8C07974319F6}"
EndProject
Project("{FAE04EC0-301F-11D3-BF4B-00C04F79EFBC}") = "BusinessTeam", "BusinessTeam\BusinessTeam.csproj", "{55820745-054C-489E-8C52-D4837A5BAB10}"
EndProject
Project("{FAE04EC0-301F-11D3-BF4B-00C04F79EFBC}") = "WebFormaJelena", "WebFormaJelena\WebFormaJelena.csproj", "{E848495B-4610-4AA0-9C30-59040EC9AE6B}"
EndProject
Global
	GlobalSection(SolutionConfigurationPlatforms) = preSolution
		Debug|Any CPU = Debug|Any CPU
		Release|Any CPU = Release|Any CPU
	EndGlobalSection
	GlobalSection(ProjectConfigurationPlatforms) = postSolution
		{E98BEFF1-D5DB-4358-82E6-53440777FF63}.Debug|Any CPU.ActiveCfg = Debug|Any CPU
		{E98BEFF1-D5DB-4358-82E6-53440777FF63}.Debug|Any CPU.Build.0 = Debug|Any CPU
		{E98BEFF1-D5DB-4358-82E6-53440777FF63}.Release|Any CPU.ActiveCfg = Release|Any CPU
		{E98BEFF1-D5DB-4358-82E6-53440777FF63}.Release|Any CPU.Build.0 = Release|Any CPU
		{43CE03C3-4F62-483C-8E4F-8C07974319F6}.Debug|Any CPU.ActiveCfg = Debug|Any CPU
		{43CE03C3-4F62-483C-8E4F-8C07974319F6}.Debug|Any CPU.Build.0 = Debug|Any CPU
		{43CE03C3-4F62-483C-8E4F-8C07974319F6}.Release|Any CPU.ActiveCfg = Release|Any CPU
		{43CE03C3-4F62-483C-8E4F-8C07974319F6}.Release|Any CPU.Build.0 = Release|Any CPU
		{55820745-054C-489E-8C52-D4837A5BAB10}.Debug|Any CPU.ActiveCfg = Debug|Any CPU
		{55820745-054C-489E-8C52-D4837A5BAB10}.Debug|Any CPU.Build.0 = Debug|Any CPU
		{55820745-054C-489E-8C52-D4837A5BAB10}.Release|Any CPU.ActiveCfg = Release|Any CPU
		{55820745-054C-489E-8C52-D4837A5BAB10}.Release|Any CPU.Build.0 = Release|Any CPU
		{E848495B-4610-4AA0-9C30-59040EC9AE6B}.Debug|Any CPU.ActiveCfg = Debug|Any CPU
		{E848495B-4610-4AA0-9C30-59040EC9AE6B}.Debug|Any CPU.Build.0 = Debug|Any CPU
		{E848495B-4610-4AA0-9C30-59040EC9AE6B}.Release|Any CPU.ActiveCfg = Release|Any CPU
		{E848495B-4610-4AA0-9C30-59040EC9AE6B}.Release|Any CPU.Build.0 = Release|Any CPU
	EndGlobalSection
	GlobalSection(SolutionProperties) = preSolution
		HideSolutionNode = FALSE
	EndGlobalSection
	GlobalSection(ExtensibilityGlobals) = postSolution
		SolutionGuid = {0DC35748-8528-458B-A02E-F5059B823D71}
	EndGlobalSection
EndGlobal
